
Microsoft Visual Studio Solution File, Format Version 12.00
# Visual Studio Version 17
VisualStudioVersion = 17.3.32929.385
MinimumVisualStudioVersion = 10.0.40219.1
Project("{FAE04EC0-301F-11D3-BF4B-00C04F79EFBC}") = "project 2", "project 2.csproj", "{762D7876-7414-4855-848E-2040C8C3CCEA}"
EndProject
Global
	GlobalSection(SolutionConfigurationPlatforms) = preSolution
		Debug|Any CPU = Debug|Any CPU
		Release|Any CPU = Release|Any CPU
	EndGlobalSection
	GlobalSection(ProjectConfigurationPlatforms) = postSolution
		{762D7876-7414-4855-848E-2040C8C3CCEA}.Debug|Any CPU.ActiveCfg = Debug|Any CPU
		{762D7876-7414-4855-848E-2040C8C3CCEA}.Debug|Any CPU.Build.0 = Debug|Any CPU
		{762D7876-7414-4855-848E-2040C8C3CCEA}.Release|Any CPU.ActiveCfg = Release|Any CPU
		{762D7876-7414-4855-848E-2040C8C3CCEA}.Release|Any CPU.Build.0 = Release|Any CPU
	EndGlobalSection
	GlobalSection(SolutionProperties) = preSolution
		HideSolutionNode = FALSE
	EndGlobalSection
	GlobalSection(ExtensibilityGlobals) = postSolution
		SolutionGuid = {05882FB8-9953-4B02-9D25-4C709CC3A41A}
	EndGlobalSection
EndGlobal
